Microsoft Visual Studio Solution File, Format Version 12.00
# Visual Studio Version 17
VisualStudioVersion = 17.5.2.0
MinimumVisualStudioVersion = 10.0.40219.1
Project("{FAE04EC0-301F-11D3-BF4B-00C04F79EFBC}") = "puzzle-8game", "puzzle-8game.csproj", "{245807FD-5804-BF6B-E953-388616012BBF}"
EndProject
Global
	GlobalSection(SolutionConfigurationPlatforms) = preSolution
		Debug|Any CPU = Debug|Any CPU
		Release|Any CPU = Release|Any CPU
	EndGlobalSection
	GlobalSection(ProjectConfigurationPlatforms) = postSolution
		{245807FD-5804-BF6B-E953-388616012BBF}.Debug|Any CPU.ActiveCfg = Debug|Any CPU
		{245807FD-5804-BF6B-E953-388616012BBF}.Debug|Any CPU.Build.0 = Debug|Any CPU
		{245807FD-5804-BF6B-E953-388616012BBF}.Release|Any CPU.ActiveCfg = Release|Any CPU
		{245807FD-5804-BF6B-E953-388616012BBF}.Release|Any CPU.Build.0 = Release|Any CPU
	EndGlobalSection
	GlobalSection(SolutionProperties) = preSolution
		HideSolutionNode = FALSE
	EndGlobalSection
	GlobalSection(ExtensibilityGlobals) = postSolution
		SolutionGuid = {B6474CB0-3B20-412A-A4CF-8A5B52B52C01}
	EndGlobalSection
EndGlobal
